// !$*UTF8*$!
{
	archiveVersion = 1;
	classes = {
	};
	objectVersion = 77;
	objects = {

/* Begin PBXBuildFile section */
		0A6ECD582E6C2CE300837C54 /* MLXLLM in Frameworks */ = {isa = PBXBuildFile; productRef = 0A6ECD572E6C2CE300837C54 /* MLXLLM */; };
		0A6ECD5A2E6C2CE300837C54 /* MLXLMCommon in Frameworks */ = {isa = PBXBuildFile; productRef = 0A6ECD592E6C2CE300837C54 /* MLXLMCommon */; };
		0A6ECD5C2E6C2D0F00837C54 /* MLXLLM in Frameworks */ = {isa = PBXBuildFile; productRef = 0A6ECD5B2E6C2D0F00837C54 /* MLXLLM */; };
		0A6ECD5E2E6C2D0F00837C54 /* MLXLMCommon in Frameworks */ = {isa = PBXBuildFile; productRef = 0A6ECD5D2E6C2D0F00837C54 /* MLXLMCommon */; };
		261E20862DAC272A000711D0 /* readme.md in Resources */ = {isa = PBXBuildFile; fileRef = 261E20852DAC2726000711D0 /* readme.md */; };
/* End PBXBuildFile section */

/* Begin PBXContainerItemProxy section */
		2648361D2DAD10AA004DA2A4 /* PBXContainerItemProxy */ = {
			isa = PBXContainerItemProxy;
			containerPortal = 26942CEE2DABD3B400B82507 /* Project object */;
			proxyType = 1;
			remoteGlobalIDString = 26942CF52DABD3B400B82507;
			remoteInfo = "Swift-TTS";
		};
/* End PBXContainerItemProxy section */

/* Begin PBXCopyFilesBuildPhase section */
		264836292DAD1252004DA2A4 /* Embed Frameworks */ = {
			isa = PBXCopyFilesBuildPhase;
			buildActionMask = 2147483647;
			dstPath = "";
			dstSubfolderSpec = 10;
			files = (
			);
			name = "Embed Frameworks";
			runOnlyForDeploymentPostprocessing = 0;
		};
		26942E032DABD5AE00B82507 /* Embed Frameworks */ = {
			isa = PBXCopyFilesBuildPhase;
			buildActionMask = 2147483647;
			dstPath = "";
			dstSubfolderSpec = 10;
			files = (
			);
			name = "Embed Frameworks";
			runOnlyForDeploymentPostprocessing = 0;
		};
		7BBF58302DDF0A010047DCFF /* Embed Frameworks */ = {
			isa = PBXCopyFilesBuildPhase;
			buildActionMask = 2147483647;
			dstPath = "";
			dstSubfolderSpec = 10;
			files = (
			);
			name = "Embed Frameworks";
			runOnlyForDeploymentPostprocessing = 0;
		};
/* End PBXCopyFilesBuildPhase section */

/* Begin PBXFileReference section */
		261E20852DAC2726000711D0 /* readme.md */ = {isa = PBXFileReference; lastKnownFileType = net.daringfireball.markdown; path = readme.md; sourceTree = "<group>"; };
		264836192DAD10AA004DA2A4 /* Swift-TTS-Tests.xctest */ = {isa = PBXFileReference; explicitFileType = wrapper.cfbundle; includeInIndex = 0; path = "Swift-TTS-Tests.xctest"; sourceTree = BUILT_PRODUCTS_DIR; };
		26942CF62DABD3B400B82507 /* Swift-TTS.app */ = {isa = PBXFileReference; explicitFileType = wrapper.application; includeInIndex = 0; path = "Swift-TTS.app"; sourceTree = BUILT_PRODUCTS_DIR; };
		7BBF57E32DDD06460047DCFF /* Swift-TTS-iOS.app */ = {isa = PBXFileReference; explicitFileType = wrapper.application; includeInIndex = 0; path = "Swift-TTS-iOS.app"; sourceTree = BUILT_PRODUCTS_DIR; };
/* End PBXFileReference section */

/* Begin PBXFileSystemSynchronizedBuildFileExceptionSet section */
		2648362A2DAD1252004DA2A4 /* Exceptions for "Swift-TTS" folder in "Swift-TTS-Tests" target */ = {
			isa = PBXFileSystemSynchronizedBuildFileExceptionSet;
			membershipExceptions = (
				Kokoro/Frameworks/ESpeakNG.xcframework,
			);
			target = 264836182DAD10AA004DA2A4 /* Swift-TTS-Tests */;
		};
		7BBF57F82DDD06B20047DCFF /* Exceptions for "Swift-TTS" folder in "Swift-TTS-iOS" target */ = {
			isa = PBXFileSystemSynchronizedBuildFileExceptionSet;
			membershipExceptions = (
				Kokoro/Albert/AlbertEmbeddings.swift,
				Kokoro/Albert/AlbertEncoder.swift,
				Kokoro/Albert/AlbertIntermediate.swift,
				Kokoro/Albert/AlbertLayer.swift,
				Kokoro/Albert/AlbertLayerGroup.swift,
				Kokoro/Albert/AlbertModelArgs.swift,
				Kokoro/Albert/AlbertOutput.swift,
				Kokoro/Albert/AlbertSelfAttention.swift,
				Kokoro/Albert/AlbertSelfOutput.swift,
				Kokoro/Albert/CustomAlbert.swift,
				Kokoro/BuildingBlocks/AdaIN1d.swift,
				Kokoro/BuildingBlocks/AdainResBlk1d.swift,
				Kokoro/BuildingBlocks/AdaINResBlock1.swift,
				Kokoro/BuildingBlocks/AdaLayerNorm.swift,
				Kokoro/BuildingBlocks/Conv1dInference.swift,
				Kokoro/BuildingBlocks/ConvWeighted.swift,
				Kokoro/BuildingBlocks/InstanceNorm1d.swift,
				Kokoro/BuildingBlocks/Interpolate.swift,
				Kokoro/BuildingBlocks/LayerNormInference.swift,
				Kokoro/BuildingBlocks/LSTM.swift,
				Kokoro/BuildingBlocks/ReflectionPad1d.swift,
				Kokoro/BuildingBlocks/UpSample1d.swift,
				Kokoro/Decoder/Decoder.swift,
				Kokoro/Decoder/Generator.swift,
				Kokoro/Decoder/MLXSTFT.swift,
				Kokoro/Decoder/SineGen.swift,
				Kokoro/Decoder/SourceModuleHnNSF.swift,
				Kokoro/Frameworks/ESpeakNG.xcframework,
				Kokoro/KokoroTTSModel.swift,
				Kokoro/Resources/af_alloy.json,
				Kokoro/Resources/af_aoede.json,
				Kokoro/Resources/af_bella.json,
				Kokoro/Resources/af_heart.json,
				Kokoro/Resources/af_jessica.json,
				Kokoro/Resources/af_kore.json,
				Kokoro/Resources/af_nicole.json,
				Kokoro/Resources/af_nova.json,
				Kokoro/Resources/af_river.json,
				Kokoro/Resources/af_sarah.json,
				Kokoro/Resources/af_sky.json,
				Kokoro/Resources/am_adam.json,
				Kokoro/Resources/am_echo.json,
				Kokoro/Resources/am_eric.json,
				Kokoro/Resources/am_fenrir.json,
				Kokoro/Resources/am_liam.json,
				Kokoro/Resources/am_michael.json,
				Kokoro/Resources/am_onyx.json,
				Kokoro/Resources/am_puck.json,
				Kokoro/Resources/am_santa.json,
				Kokoro/Resources/bf_alice.json,
				Kokoro/Resources/bf_emma.json,
				Kokoro/Resources/bf_isabella.json,
				Kokoro/Resources/bf_lily.json,
				Kokoro/Resources/bm_daniel.json,
				Kokoro/Resources/bm_fable.json,
				Kokoro/Resources/bm_george.json,
				Kokoro/Resources/bm_lewis.json,
				Kokoro/Resources/ef_dora.json,
				Kokoro/Resources/em_alex.json,
				Kokoro/Resources/em_santa.json,
				Kokoro/Resources/ff_siwis.json,
				Kokoro/Resources/hf_alpha.json,
				Kokoro/Resources/hf_beta.json,
				Kokoro/Resources/hm_omega.json,
				Kokoro/Resources/hm_psi.json,
				Kokoro/Resources/if_sara.json,
				Kokoro/Resources/im_nicola.json,
				Kokoro/Resources/jf_alpha.json,
				Kokoro/Resources/jf_gongitsune.json,
				Kokoro/Resources/jf_nezumi.json,
				Kokoro/Resources/jf_tebukuro.json,
				Kokoro/Resources/jm_kumo.json,
				Kokoro/Resources/pf_dora.json,
				Kokoro/Resources/pm_alex.json,
				Kokoro/Resources/pm_santa.json,
				Kokoro/Resources/us_gold.json,
				Kokoro/Resources/us_silver.json,
				Kokoro/Resources/zf_xiaobei.json,
				Kokoro/Resources/zf_xiaoni.json,
				Kokoro/Resources/zf_xiaoxiao.json,
				Kokoro/Resources/zf_xiaoyi.json,
				Kokoro/Resources/zm_yunjian.json,
				Kokoro/Resources/zm_yunxi.json,
				Kokoro/Resources/zm_yunxia.json,
				Kokoro/Resources/zm_yunyang.json,
				Kokoro/TextProcessing/ESpeakNGEngine.swift,
				Kokoro/TextProcessing/KokoroTokenizer.swift,
				Kokoro/TextProcessing/SentenceTokenizer.swift,
				Kokoro/TextProcessing/Tokenizer.swift,
				Kokoro/TTSEngine/DurationEncoder.swift,
				Kokoro/TTSEngine/KokoroTTS.swift,
				Kokoro/TTSEngine/KokoroWeightLoader.swift,
				Kokoro/TTSEngine/ProsodyPredictor.swift,
				Kokoro/TTSEngine/TextEncoder.swift,
				Kokoro/TTSEngine/VoiceLoader.swift,
				Kokoro/Utils/AudioUtils.swift,
				Kokoro/Utils/BenchmarkTimer.swift,
				"Sesame/Audio/Audio+MLXArray.swift",
				Sesame/Mimi/Conv.swift,
				Sesame/Mimi/KVCache.swift,
				Sesame/Mimi/Mimi.swift,
				Sesame/Mimi/Quantization.swift,
				Sesame/Mimi/Seanet.swift,
				Sesame/Mimi/Transformer.swift,
				Sesame/Models/LlamaModel.swift,
				Sesame/Models/SesameModel.swift,
				Utils/AudioSessionManager.swift,
			);
			target = 7BBF57E22DDD06460047DCFF /* Swift-TTS-iOS */;
		};
/* End PBXFileSystemSynchronizedBuildFileExceptionSet section */

/* Begin PBXFileSystemSynchronizedGroupBuildPhaseMembershipExceptionSet section */
		2648362B2DAD1252004DA2A4 /* Exceptions for "Swift-TTS" folder in "Embed Frameworks" phase from "Swift-TTS-Tests" target */ = {
			isa = PBXFileSystemSynchronizedGroupBuildPhaseMembershipExceptionSet;
			attributesByRelativePath = {
				Kokoro/Frameworks/ESpeakNG.xcframework = (CodeSignOnCopy, RemoveHeadersOnCopy, );
			};
			buildPhase = 264836292DAD1252004DA2A4 /* Embed Frameworks */;
			membershipExceptions = (
				Kokoro/Frameworks/ESpeakNG.xcframework,
			);
		};
		26942E042DABD5AE00B82507 /* Exceptions for "Swift-TTS" folder in "Embed Frameworks" phase from "Swift-TTS" target */ = {
			isa = PBXFileSystemSynchronizedGroupBuildPhaseMembershipExceptionSet;
			attributesByRelativePath = {
				Kokoro/Frameworks/ESpeakNG.xcframework = (CodeSignOnCopy, RemoveHeadersOnCopy, );
			};
			buildPhase = 26942E032DABD5AE00B82507 /* Embed Frameworks */;
			membershipExceptions = (
				Kokoro/Frameworks/ESpeakNG.xcframework,
			);
		};
		7BBF58162DDD07250047DCFF /* Exceptions for "Swift-TTS" folder in "Copy Bundle Resources" phase from "Swift-TTS-iOS" target */ = {
			isa = PBXFileSystemSynchronizedGroupBuildPhaseMembershipExceptionSet;
			buildPhase = 7BBF57E12DDD06460047DCFF /* Resources */;
			membershipExceptions = (
				Kokoro/Frameworks/ESpeakNG.xcframework,
			);
		};
		7BBF5EDB2DDD179D0047DCFF /* Exceptions for "Swift-TTS" folder in "Embed Frameworks" phase from "Swift-TTS-iOS" target */ = {
			isa = PBXFileSystemSynchronizedGroupBuildPhaseMembershipExceptionSet;
			attributesByRelativePath = {
				Kokoro/Frameworks/ESpeakNG.xcframework = (CodeSignOnCopy, RemoveHeadersOnCopy, );
			};
			buildPhase = 7BBF58302DDF0A010047DCFF /* Embed Frameworks */;
			membershipExceptions = (
				Kokoro/Frameworks/ESpeakNG.xcframework,
			);
		};
/* End PBXFileSystemSynchronizedGroupBuildPhaseMembershipExceptionSet section */

/* Begin PBXFileSystemSynchronizedRootGroup section */
		2648361A2DAD10AA004DA2A4 /* Tests */ = {
			isa = PBXFileSystemSynchronizedRootGroup;
			path = Tests;
			sourceTree = "<group>";
		};
		26942CF82DABD3B400B82507 /* Swift-TTS */ = {
			isa = PBXFileSystemSynchronizedRootGroup;
			exceptions = (
				26942E042DABD5AE00B82507 /* Exceptions for "Swift-TTS" folder in "Embed Frameworks" phase from "Swift-TTS" target */,
				7BBF57F82DDD06B20047DCFF /* Exceptions for "Swift-TTS" folder in "Swift-TTS-iOS" target */,
				7BBF58162DDD07250047DCFF /* Exceptions for "Swift-TTS" folder in "Copy Bundle Resources" phase from "Swift-TTS-iOS" target */,
				7BBF5EDB2DDD179D0047DCFF /* Exceptions for "Swift-TTS" folder in "Embed Frameworks" phase from "Swift-TTS-iOS" target */,
				2648362A2DAD1252004DA2A4 /* Exceptions for "Swift-TTS" folder in "Swift-TTS-Tests" target */,
				2648362B2DAD1252004DA2A4 /* Exceptions for "Swift-TTS" folder in "Embed Frameworks" phase from "Swift-TTS-Tests" target */,
			);
			path = "Swift-TTS";
			sourceTree = "<group>";
		};
		7BBF57E42DDD06460047DCFF /* Swift-TTS-iOS */ = {
			isa = PBXFileSystemSynchronizedRootGroup;
			path = "Swift-TTS-iOS";
			sourceTree = "<group>";
		};
/* End PBXFileSystemSynchronizedRootGroup section */

/* Begin PBXFrameworksBuildPhase section */
		264836162DAD10AA004DA2A4 /* Frameworks */ = {
			isa = PBXFrameworksBuildPhase;
			buildActionMask = 2147483647;
			files = (
			);
			runOnlyForDeploymentPostprocessing = 0;
		};
		26942CF32DABD3B400B82507 /* Frameworks */ = {
			isa = PBXFrameworksBuildPhase;
			buildActionMask = 2147483647;
			files = (
				0A6ECD582E6C2CE300837C54 /* MLXLLM in Frameworks */,
				0A6ECD5A2E6C2CE300837C54 /* MLXLMCommon in Frameworks */,
			);
			runOnlyForDeploymentPostprocessing = 0;
		};
		7BBF57E02DDD06460047DCFF /* Frameworks */ = {
			isa = PBXFrameworksBuildPhase;
			buildActionMask = 2147483647;
			files = (
				0A6ECD5C2E6C2D0F00837C54 /* MLXLLM in Frameworks */,
				0A6ECD5E2E6C2D0F00837C54 /* MLXLMCommon in Frameworks */,
			);
			runOnlyForDeploymentPostprocessing = 0;
		};
/* End PBXFrameworksBuildPhase section */

/* Begin PBXGroup section */
		264836262DAD1252004DA2A4 /* Frameworks */ = {
			isa = PBXGroup;
			children = (
			);
			name = Frameworks;
			sourceTree = "<group>";
		};
		26942CED2DABD3B400B82507 = {
			isa = PBXGroup;
			children = (
				261E20852DAC2726000711D0 /* readme.md */,
				26942CF82DABD3B400B82507 /* Swift-TTS */,
				2648361A2DAD10AA004DA2A4 /* Tests */,
				7BBF57E42DDD06460047DCFF /* Swift-TTS-iOS */,
				264836262DAD1252004DA2A4 /* Frameworks */,
				26942CF72DABD3B400B82507 /* Products */,
			);
			sourceTree = "<group>";
		};
		26942CF72DABD3B400B82507 /* Products */ = {
			isa = PBXGroup;
			children = (
				26942CF62DABD3B400B82507 /* Swift-TTS.app */,
				264836192DAD10AA004DA2A4 /* Swift-TTS-Tests.xctest */,
				7BBF57E32DDD06460047DCFF /* Swift-TTS-iOS.app */,
			);
			name = Products;
			sourceTree = "<group>";
		};
/* End PBXGroup section */

/* Begin PBXNativeTarget section */
		264836182DAD10AA004DA2A4 /* Swift-TTS-Tests */ = {
			isa = PBXNativeTarget;
			buildConfigurationList = 264836212DAD10AA004DA2A4 /* Build configuration list for PBXNativeTarget "Swift-TTS-Tests" */;
			buildPhases = (
				264836152DAD10AA004DA2A4 /* Sources */,
				264836162DAD10AA004DA2A4 /* Frameworks */,
				264836172DAD10AA004DA2A4 /* Resources */,
				264836292DAD1252004DA2A4 /* Embed Frameworks */,
			);
			buildRules = (
			);
			dependencies = (
				2648361E2DAD10AA004DA2A4 /* PBXTargetDependency */,
			);
			fileSystemSynchronizedGroups = (
				2648361A2DAD10AA004DA2A4 /* Tests */,
			);
			name = "Swift-TTS-Tests";
			packageProductDependencies = (
			);
			productName = "Swift-TTS-Tests";
			productReference = 264836192DAD10AA004DA2A4 /* Swift-TTS-Tests.xctest */;
			productType = "com.apple.product-type.bundle.unit-test";
		};
		26942CF52DABD3B400B82507 /* Swift-TTS */ = {
			isa = PBXNativeTarget;
			buildConfigurationList = 26942D052DABD3B600B82507 /* Build configuration list for PBXNativeTarget "Swift-TTS" */;
			buildPhases = (
				26942CF22DABD3B400B82507 /* Sources */,
				26942CF32DABD3B400B82507 /* Frameworks */,
				26942CF42DABD3B400B82507 /* Resources */,
				26942E032DABD5AE00B82507 /* Embed Frameworks */,
			);
			buildRules = (
			);
			dependencies = (
			);
			fileSystemSynchronizedGroups = (
				26942CF82DABD3B400B82507 /* Swift-TTS */,
			);
			name = "Swift-TTS";
			packageProductDependencies = (
				0A6ECD572E6C2CE300837C54 /* MLXLLM */,
				0A6ECD592E6C2CE300837C54 /* MLXLMCommon */,
			);
			productName = "Swift-TTS";
			productReference = 26942CF62DABD3B400B82507 /* Swift-TTS.app */;
			productType = "com.apple.product-type.application";
		};
		7BBF57E22DDD06460047DCFF /* Swift-TTS-iOS */ = {
			isa = PBXNativeTarget;
			buildConfigurationList = 7BBF57ED2DDD06470047DCFF /* Build configuration list for PBXNativeTarget "Swift-TTS-iOS" */;
			buildPhases = (
				7BBF57DF2DDD06460047DCFF /* Sources */,
				7BBF57E02DDD06460047DCFF /* Frameworks */,
				7BBF57E12DDD06460047DCFF /* Resources */,
				7BBF58302DDF0A010047DCFF /* Embed Frameworks */,
			);
			buildRules = (
			);
			dependencies = (
			);
			fileSystemSynchronizedGroups = (
				7BBF57E42DDD06460047DCFF /* Swift-TTS-iOS */,
			);
			name = "Swift-TTS-iOS";
			packageProductDependencies = (
				0A6ECD5B2E6C2D0F00837C54 /* MLXLLM */,
				0A6ECD5D2E6C2D0F00837C54 /* MLXLMCommon */,
			);
			productName = "Swift-TTS-iOS";
			productReference = 7BBF57E32DDD06460047DCFF /* Swift-TTS-iOS.app */;
			productType = "com.apple.product-type.application";
		};
/* End PBXNativeTarget section */

/* Begin PBXProject section */
		26942CEE2DABD3B400B82507 /* Project object */ = {
			isa = PBXProject;
			attributes = {
				BuildIndependentTargetsInParallel = 1;
				LastSwiftUpdateCheck = 1630;
				LastUpgradeCheck = 2600;
				TargetAttributes = {
					264836182DAD10AA004DA2A4 = {
						CreatedOnToolsVersion = 16.0;
						TestTargetID = 26942CF52DABD3B400B82507;
					};
					26942CF52DABD3B400B82507 = {
						CreatedOnToolsVersion = 16.0;
					};
					7BBF57E22DDD06460047DCFF = {
						CreatedOnToolsVersion = 16.3;
					};
				};
			};
			buildConfigurationList = 26942CF12DABD3B400B82507 /* Build configuration list for PBXProject "Swift-TTS" */;
			developmentRegion = en;
			hasScannedForEncodings = 0;
			knownRegions = (
				en,
				Base,
			);
			mainGroup = 26942CED2DABD3B400B82507;
			minimizedProjectReferenceProxies = 1;
			packageReferences = (
				0A6ECD562E6C2CD700837C54 /* XCRemoteSwiftPackageReference "mlx-swift-examples" */,
			);
			preferredProjectObjectVersion = 77;
			productRefGroup = 26942CF72DABD3B400B82507 /* Products */;
			projectDirPath = "";
			projectRoot = "";
			targets = (
				26942CF52DABD3B400B82507 /* Swift-TTS */,
				7BBF57E22DDD06460047DCFF /* Swift-TTS-iOS */,
				264836182DAD10AA004DA2A4 /* Swift-TTS-Tests */,
			);
		};
/* End PBXProject section */

/* Begin PBXResourcesBuildPhase section */
		264836172DAD10AA004DA2A4 /* Resources */ = {
			isa = PBXResourcesBuildPhase;
			buildActionMask = 2147483647;
			files = (
			);
			runOnlyForDeploymentPostprocessing = 0;
		};
		26942CF42DABD3B400B82507 /* Resources */ = {
			isa = PBXResourcesBuildPhase;
			buildActionMask = 2147483647;
			files = (
				261E20862DAC272A000711D0 /* readme.md in Resources */,
			);
			runOnlyForDeploymentPostprocessing = 0;
		};
		7BBF57E12DDD06460047DCFF /* Resources */ = {
			isa = PBXResourcesBuildPhase;
			buildActionMask = 2147483647;
			files = (
			);
			runOnlyForDeploymentPostprocessing = 0;
		};
/* End PBXResourcesBuildPhase section */

/* Begin PBXSourcesBuildPhase section */
		264836152DAD10AA004DA2A4 /* Sources */ = {
			isa = PBXSourcesBuildPhase;
			buildActionMask = 2147483647;
			files = (
			);
			runOnlyForDeploymentPostprocessing = 0;
		};
		26942CF22DABD3B400B82507 /* Sources */ = {
			isa = PBXSourcesBuildPhase;
			buildActionMask = 2147483647;
			files = (
			);
			runOnlyForDeploymentPostprocessing = 0;
		};
		7BBF57DF2DDD06460047DCFF /* Sources */ = {
			isa = PBXSourcesBuildPhase;
			buildActionMask = 2147483647;
			files = (
			);
			runOnlyForDeploymentPostprocessing = 0;
		};
/* End PBXSourcesBuildPhase section */

/* Begin PBXTargetDependency section */
		2648361E2DAD10AA004DA2A4 /* PBXTargetDependency */ = {
			isa = PBXTargetDependency;
			target = 26942CF52DABD3B400B82507 /* Swift-TTS */;
			targetProxy = 2648361D2DAD10AA004DA2A4 /* PBXContainerItemProxy */;
		};
/* End PBXTargetDependency section */

/* Begin XCBuildConfiguration section */
		2648361F2DAD10AA004DA2A4 /* Debug */ = {
			isa = XCBuildConfiguration;
			buildSettings = {
				BUILD_LIBRARY_FOR_DISTRIBUTION = NO;
				BUNDLE_LOADER = "$(TEST_HOST)";
				CODE_SIGN_STYLE = Automatic;
				CURRENT_PROJECT_VERSION = 1;
				DEAD_CODE_STRIPPING = YES;
				DEFINES_MODULE = YES;
				DEVELOPMENT_TEAM = "";
				ENABLE_MODULE_VERIFIER = YES;
				GENERATE_INFOPLIST_FILE = YES;
				MARKETING_VERSION = 1.0;
				MODULE_VERIFIER_SUPPORTED_LANGUAGE_STANDARDS = "gnu17 gnu++20";
				PRODUCT_BUNDLE_IDENTIFIER = "com.lumen-digital.Swift-TTS-Tests";
				PRODUCT_NAME = "$(TARGET_NAME)";
				SWIFT_EMIT_LOC_STRINGS = NO;
				SWIFT_VERSION = 5.0;
				TEST_HOST = "$(BUILT_PRODUCTS_DIR)/Swift-TTS.app/$(BUNDLE_EXECUTABLE_FOLDER_PATH)/Swift-TTS";
			};
			name = Debug;
		};
		264836202DAD10AA004DA2A4 /* Release */ = {
			isa = XCBuildConfiguration;
			buildSettings = {
				BUILD_LIBRARY_FOR_DISTRIBUTION = NO;
				BUNDLE_LOADER = "$(TEST_HOST)";
				CODE_SIGN_STYLE = Automatic;
				CURRENT_PROJECT_VERSION = 1;
				DEAD_CODE_STRIPPING = YES;
				DEFINES_MODULE = YES;
				DEVELOPMENT_TEAM = "";
				ENABLE_MODULE_VERIFIER = YES;
				GENERATE_INFOPLIST_FILE = YES;
				MARKETING_VERSION = 1.0;
				MODULE_VERIFIER_SUPPORTED_LANGUAGE_STANDARDS = "gnu17 gnu++20";
				PRODUCT_BUNDLE_IDENTIFIER = "com.lumen-digital.Swift-TTS-Tests";
				PRODUCT_NAME = "$(TARGET_NAME)";
				SWIFT_EMIT_LOC_STRINGS = NO;
				SWIFT_VERSION = 5.0;
				TEST_HOST = "$(BUILT_PRODUCTS_DIR)/Swift-TTS.app/$(BUNDLE_EXECUTABLE_FOLDER_PATH)/Swift-TTS";
			};
			name = Release;
		};
		26942D032DABD3B600B82507 /* Debug */ = {
			isa = XCBuildConfiguration;
			buildSettings = {
				ALWAYS_SEARCH_USER_PATHS = NO;
				ASSETCATALOG_COMPILER_GENERATE_SWIFT_ASSET_SYMBOL_EXTENSIONS = YES;
				CLANG_ANALYZER_NONNULL = YES;
				CLANG_ANALYZER_NUMBER_OBJECT_CONVERSION = YES_AGGRESSIVE;
				CLANG_CXX_LANGUAGE_STANDARD = "gnu++20";
				CLANG_ENABLE_MODULES = YES;
				CLANG_ENABLE_OBJC_ARC = YES;
				CLANG_ENABLE_OBJC_WEAK = YES;
				CLANG_WARN_BLOCK_CAPTURE_AUTORELEASING = YES;
				CLANG_WARN_BOOL_CONVERSION = YES;
				CLANG_WARN_COMMA = YES;
				CLANG_WARN_CONSTANT_CONVERSION = YES;
				CLANG_WARN_DEPRECATED_OBJC_IMPLEMENTATIONS = YES;
				CLANG_WARN_DIRECT_OBJC_ISA_USAGE = YES_ERROR;
				CLANG_WARN_DOCUMENTATION_COMMENTS = YES;
				CLANG_WARN_EMPTY_BODY = YES;
				CLANG_WARN_ENUM_CONVERSION = YES;
				CLANG_WARN_INFINITE_RECURSION = YES;
				CLANG_WARN_INT_CONVERSION = YES;
				CLANG_WARN_NON_LITERAL_NULL_CONVERSION = YES;
				CLANG_WARN_OBJC_IMPLICIT_RETAIN_SELF = YES;
				CLANG_WARN_OBJC_LITERAL_CONVERSION = YES;
				CLANG_WARN_OBJC_ROOT_CLASS = YES_ERROR;
				CLANG_WARN_QUOTED_INCLUDE_IN_FRAMEWORK_HEADER = YES;
				CLANG_WARN_RANGE_LOOP_ANALYSIS = YES;
				CLANG_WARN_STRICT_PROTOTYPES = YES;
				CLANG_WARN_SUSPICIOUS_MOVE = YES;
				CLANG_WARN_UNGUARDED_AVAILABILITY = YES_AGGRESSIVE;
				CLANG_WARN_UNREACHABLE_CODE = YES;
				CLANG_WARN__DUPLICATE_METHOD_MATCH = YES;
				COPY_PHASE_STRIP = NO;
				DEAD_CODE_STRIPPING = YES;
				DEBUG_INFORMATION_FORMAT = dwarf;
				ENABLE_STRICT_OBJC_MSGSEND = YES;
				ENABLE_TESTABILITY = YES;
				ENABLE_USER_SCRIPT_SANDBOXING = YES;
				GCC_C_LANGUAGE_STANDARD = gnu17;
				GCC_DYNAMIC_NO_PIC = NO;
				GCC_NO_COMMON_BLOCKS = YES;
				GCC_OPTIMIZATION_LEVEL = 0;
				GCC_PREPROCESSOR_DEFINITIONS = (
					"DEBUG=1",
					"$(inherited)",
				);
				GCC_WARN_64_TO_32_BIT_CONVERSION = YES;
				GCC_WARN_ABOUT_RETURN_TYPE = YES_ERROR;
				GCC_WARN_UNDECLARED_SELECTOR = YES;
				GCC_WARN_UNINITIALIZED_AUTOS = YES_AGGRESSIVE;
				GCC_WARN_UNUSED_FUNCTION = YES;
				GCC_WARN_UNUSED_VARIABLE = YES;
				LOCALIZATION_PREFERS_STRING_CATALOGS = YES;
				MACOSX_DEPLOYMENT_TARGET = 15.0;
				MTL_ENABLE_DEBUG_INFO = INCLUDE_SOURCE;
				MTL_FAST_MATH = YES;
				ONLY_ACTIVE_ARCH = YES;
				SDKROOT = macosx;
				STRING_CATALOG_GENERATE_SYMBOLS = YES;
				SWIFT_ACTIVE_COMPILATION_CONDITIONS = "DEBUG $(inherited)";
				SWIFT_OPTIMIZATION_LEVEL = "-Onone";
			};
			name = Debug;
		};
		26942D042DABD3B600B82507 /* Release */ = {
			isa = XCBuildConfiguration;
			buildSettings = {
				ALWAYS_SEARCH_USER_PATHS = NO;
				ASSETCATALOG_COMPILER_GENERATE_SWIFT_ASSET_SYMBOL_EXTENSIONS = YES;
				CLANG_ANALYZER_NONNULL = YES;
				CLANG_ANALYZER_NUMBER_OBJECT_CONVERSION = YES_AGGRESSIVE;
				CLANG_CXX_LANGUAGE_STANDARD = "gnu++20";
				CLANG_ENABLE_MODULES = YES;
				CLANG_ENABLE_OBJC_ARC = YES;
				CLANG_ENABLE_OBJC_WEAK = YES;
				CLANG_WARN_BLOCK_CAPTURE_AUTORELEASING = YES;
				CLANG_WARN_BOOL_CONVERSION = YES;
				CLANG_WARN_COMMA = YES;
				CLANG_WARN_CONSTANT_CONVERSION = YES;
				CLANG_WARN_DEPRECATED_OBJC_IMPLEMENTATIONS = YES;
				CLANG_WARN_DIRECT_OBJC_ISA_USAGE = YES_ERROR;
				CLANG_WARN_DOCUMENTATION_COMMENTS = YES;
				CLANG_WARN_EMPTY_BODY = YES;
				CLANG_WARN_ENUM_CONVERSION = YES;
				CLANG_WARN_INFINITE_RECURSION = YES;
				CLANG_WARN_INT_CONVERSION = YES;
				CLANG_WARN_NON_LITERAL_NULL_CONVERSION = YES;
				CLANG_WARN_OBJC_IMPLICIT_RETAIN_SELF = YES;
				CLANG_WARN_OBJC_LITERAL_CONVERSION = YES;
				CLANG_WARN_OBJC_ROOT_CLASS = YES_ERROR;
				CLANG_WARN_QUOTED_INCLUDE_IN_FRAMEWORK_HEADER = YES;
				CLANG_WARN_RANGE_LOOP_ANALYSIS = YES;
				CLANG_WARN_STRICT_PROTOTYPES = YES;
				CLANG_WARN_SUSPICIOUS_MOVE = YES;
				CLANG_WARN_UNGUARDED_AVAILABILITY = YES_AGGRESSIVE;
				CLANG_WARN_UNREACHABLE_CODE = YES;
				CLANG_WARN__DUPLICATE_METHOD_MATCH = YES;
				COPY_PHASE_STRIP = NO;
				DEAD_CODE_STRIPPING = YES;
				DEBUG_INFORMATION_FORMAT = "dwarf-with-dsym";
				ENABLE_NS_ASSERTIONS = NO;
				ENABLE_STRICT_OBJC_MSGSEND = YES;
				ENABLE_USER_SCRIPT_SANDBOXING = YES;
				GCC_C_LANGUAGE_STANDARD = gnu17;
				GCC_NO_COMMON_BLOCKS = YES;
				GCC_WARN_64_TO_32_BIT_CONVERSION = YES;
				GCC_WARN_ABOUT_RETURN_TYPE = YES_ERROR;
				GCC_WARN_UNDECLARED_SELECTOR = YES;
				GCC_WARN_UNINITIALIZED_AUTOS = YES_AGGRESSIVE;
				GCC_WARN_UNUSED_FUNCTION = YES;
				GCC_WARN_UNUSED_VARIABLE = YES;
				LOCALIZATION_PREFERS_STRING_CATALOGS = YES;
				MACOSX_DEPLOYMENT_TARGET = 15.0;
				MTL_ENABLE_DEBUG_INFO = NO;
				MTL_FAST_MATH = YES;
				SDKROOT = macosx;
				STRING_CATALOG_GENERATE_SYMBOLS = YES;
				SWIFT_COMPILATION_MODE = wholemodule;
			};
			name = Release;
		};
		26942D062DABD3B600B82507 /* Debug */ = {
			isa = XCBuildConfiguration;
			buildSettings = {
				ASSETCATALOG_COMPILER_APPICON_NAME = AppIcon;
				ASSETCATALOG_COMPILER_GLOBAL_ACCENT_COLOR_NAME = AccentColor;
				CODE_SIGN_ENTITLEMENTS = "Swift-TTS/Swift_TTS.entitlements";
				CODE_SIGN_STYLE = Automatic;
				COMBINE_HIDPI_IMAGES = YES;
				CURRENT_PROJECT_VERSION = 1;
				DEAD_CODE_STRIPPING = YES;
				DEVELOPMENT_ASSET_PATHS = "\"Swift-TTS/Preview Content\"";
				DEVELOPMENT_TEAM = "";
				ENABLE_APP_SANDBOX = YES;
				ENABLE_HARDENED_RUNTIME = YES;
				ENABLE_INCOMING_NETWORK_CONNECTIONS = YES;
				ENABLE_OUTGOING_NETWORK_CONNECTIONS = YES;
				ENABLE_PREVIEWS = YES;
				ENABLE_RESOURCE_ACCESS_AUDIO_INPUT = NO;
				ENABLE_RESOURCE_ACCESS_BLUETOOTH = NO;
				ENABLE_RESOURCE_ACCESS_CALENDARS = NO;
				ENABLE_RESOURCE_ACCESS_CAMERA = NO;
				ENABLE_RESOURCE_ACCESS_CONTACTS = NO;
				ENABLE_RESOURCE_ACCESS_LOCATION = NO;
				ENABLE_RESOURCE_ACCESS_PRINTING = NO;
				ENABLE_RESOURCE_ACCESS_USB = NO;
				ENABLE_USER_SELECTED_FILES = readonly;
				GENERATE_INFOPLIST_FILE = YES;
				INFOPLIST_KEY_NSHumanReadableCopyright = "";
				LD_RUNPATH_SEARCH_PATHS = (
					"$(inherited)",
					"@executable_path/../Frameworks",
				);
				MARKETING_VERSION = 1.0;
				PRODUCT_BUNDLE_IDENTIFIER = "com.lumen-digital.Swift-TTS";
				PRODUCT_NAME = "$(TARGET_NAME)";
				SWIFT_EMIT_LOC_STRINGS = YES;
				SWIFT_VERSION = 5.0;
			};
			name = Debug;
		};
		26942D072DABD3B600B82507 /* Release */ = {
			isa = XCBuildConfiguration;
			buildSettings = {
				ASSETCATALOG_COMPILER_APPICON_NAME = AppIcon;
				ASSETCATALOG_COMPILER_GLOBAL_ACCENT_COLOR_NAME = AccentColor;
				CODE_SIGN_ENTITLEMENTS = "Swift-TTS/Swift_TTS.entitlements";
				"CODE_SIGN_IDENTITY[sdk=macosx*]" = "-";
				CODE_SIGN_STYLE = Automatic;
				COMBINE_HIDPI_IMAGES = YES;
				CURRENT_PROJECT_VERSION = 1;
				DEAD_CODE_STRIPPING = YES;
				DEVELOPMENT_ASSET_PATHS = "\"Swift-TTS/Preview Content\"";
				DEVELOPMENT_TEAM = "";
				ENABLE_APP_SANDBOX = YES;
				ENABLE_HARDENED_RUNTIME = YES;
				ENABLE_INCOMING_NETWORK_CONNECTIONS = YES;
				ENABLE_OUTGOING_NETWORK_CONNECTIONS = YES;
				ENABLE_PREVIEWS = YES;
				ENABLE_RESOURCE_ACCESS_AUDIO_INPUT = NO;
				ENABLE_RESOURCE_ACCESS_BLUETOOTH = NO;
				ENABLE_RESOURCE_ACCESS_CALENDARS = NO;
				ENABLE_RESOURCE_ACCESS_CAMERA = NO;
				ENABLE_RESOURCE_ACCESS_CONTACTS = NO;
				ENABLE_RESOURCE_ACCESS_LOCATION = NO;
				ENABLE_RESOURCE_ACCESS_PRINTING = NO;
				ENABLE_RESOURCE_ACCESS_USB = NO;
				ENABLE_USER_SELECTED_FILES = readonly;
				GENERATE_INFOPLIST_FILE = YES;
				INFOPLIST_KEY_NSHumanReadableCopyright = "";
				LD_RUNPATH_SEARCH_PATHS = (
					"$(inherited)",
					"@executable_path/../Frameworks",
				);
				MARKETING_VERSION = 1.0;
				PRODUCT_BUNDLE_IDENTIFIER = "com.lumen-digital.Swift-TTS";
				PRODUCT_NAME = "$(TARGET_NAME)";
				SWIFT_EMIT_LOC_STRINGS = YES;
				SWIFT_VERSION = 5.0;
			};
			name = Release;
		};
		7BBF57EB2DDD06470047DCFF /* Debug */ = {
			isa = XCBuildConfiguration;
			buildSettings = {
				ASSETCATALOG_COMPILER_APPICON_NAME = AppIcon;
				ASSETCATALOG_COMPILER_GLOBAL_ACCENT_COLOR_NAME = AccentColor;
				CODE_SIGN_STYLE = Automatic;
				CURRENT_PROJECT_VERSION = 1;
				DEVELOPMENT_TEAM = YQZQG7N4WG;
				ENABLE_PREVIEWS = YES;
				GENERATE_INFOPLIST_FILE = YES;
				INFOPLIST_KEY_UIApplicationSceneManifest_Generation = YES;
				INFOPLIST_KEY_UIApplicationSupportsIndirectInputEvents = YES;
				INFOPLIST_KEY_UILaunchScreen_Generation = YES;
				INFOPLIST_KEY_UISupportedInterfaceOrientations_iPad = "UIInterfaceOrientationPortrait UIInterfaceOrientationPortraitUpsideDown UIInterfaceOrientationLandscapeLeft UIInterfaceOrientationLandscapeRight";
				INFOPLIST_KEY_UISupportedInterfaceOrientations_iPhone = "UIInterfaceOrientationPortrait UIInterfaceOrientationLandscapeLeft UIInterfaceOrientationLandscapeRight";
				IPHONEOS_DEPLOYMENT_TARGET = 18.4;
				LD_RUNPATH_SEARCH_PATHS = (
					"$(inherited)",
					"@executable_path/Frameworks",
				);
				MARKETING_VERSION = 1.0;
				PRODUCT_BUNDLE_IDENTIFIER = "com.lumen-digital.Swift-TTS-iOS";
				PRODUCT_NAME = "$(TARGET_NAME)";
				SDKROOT = iphoneos;
				SWIFT_EMIT_LOC_STRINGS = YES;
				SWIFT_VERSION = 5.0;
				TARGETED_DEVICE_FAMILY = "1,2";
			};
			name = Debug;
		};
		7BBF57EC2DDD06470047DCFF /* Release */ = {
			isa = XCBuildConfiguration;
			buildSettings = {
				ASSETCATALOG_COMPILER_APPICON_NAME = AppIcon;
				ASSETCATALOG_COMPILER_GLOBAL_ACCENT_COLOR_NAME = AccentColor;
				CODE_SIGN_STYLE = Automatic;
				CURRENT_PROJECT_VERSION = 1;
				DEVELOPMENT_TEAM = YQZQG7N4WG;
				ENABLE_PREVIEWS = YES;
				GENERATE_INFOPLIST_FILE = YES;
				INFOPLIST_KEY_UIApplicationSceneManifest_Generation = YES;
				INFOPLIST_KEY_UIApplicationSupportsIndirectInputEvents = YES;
				INFOPLIST_KEY_UILaunchScreen_Generation = YES;
				INFOPLIST_KEY_UISupportedInterfaceOrientations_iPad = "UIInterfaceOrientationPortrait UIInterfaceOrientationPortraitUpsideDown UIInterfaceOrientationLandscapeLeft UIInterfaceOrientationLandscapeRight";
				INFOPLIST_KEY_UISupportedInterfaceOrientations_iPhone = "UIInterfaceOrientationPortrait UIInterfaceOrientationLandscapeLeft UIInterfaceOrientationLandscapeRight";
				IPHONEOS_DEPLOYMENT_TARGET = 18.4;
				LD_RUNPATH_SEARCH_PATHS = (
					"$(inherited)",
					"@executable_path/Frameworks",
				);
				MARKETING_VERSION = 1.0;
				PRODUCT_BUNDLE_IDENTIFIER = "com.lumen-digital.Swift-TTS-iOS";
				PRODUCT_NAME = "$(TARGET_NAME)";
				SDKROOT = iphoneos;
				SWIFT_EMIT_LOC_STRINGS = YES;
				SWIFT_VERSION = 5.0;
				TARGETED_DEVICE_FAMILY = "1,2";
				VALIDATE_PRODUCT = YES;
			};
			name = Release;
		};
/* End XCBuildConfiguration section */

/* Begin XCConfigurationList section */
		264836212DAD10AA004DA2A4 /* Build configuration list for PBXNativeTarget "Swift-TTS-Tests" */ = {
			isa = XCConfigurationList;
			buildConfigurations = (
				2648361F2DAD10AA004DA2A4 /* Debug */,
				264836202DAD10AA004DA2A4 /* Release */,
			);
			defaultConfigurationIsVisible = 0;
			defaultConfigurationName = Release;
		};
		26942CF12DABD3B400B82507 /* Build configuration list for PBXProject "Swift-TTS" */ = {
			isa = XCConfigurationList;
			buildConfigurations = (
				26942D032DABD3B600B82507 /* Debug */,
				26942D042DABD3B600B82507 /* Release */,
			);
			defaultConfigurationIsVisible = 0;
			defaultConfigurationName = Release;
		};
		26942D052DABD3B600B82507 /* Build configuration list for PBXNativeTarget "Swift-TTS" */ = {
			isa = XCConfigurationList;
			buildConfigurations = (
				26942D062DABD3B600B82507 /* Debug */,
				26942D072DABD3B600B82507 /* Release */,
			);
			defaultConfigurationIsVisible = 0;
			defaultConfigurationName = Release;
		};
		7BBF57ED2DDD06470047DCFF /* Build configuration list for PBXNativeTarget "Swift-TTS-iOS" */ = {
			isa = XCConfigurationList;
			buildConfigurations = (
				7BBF57EB2DDD06470047DCFF /* Debug */,
				7BBF57EC2DDD06470047DCFF /* Release */,
			);
			defaultConfigurationIsVisible = 0;
			defaultConfigurationName = Release;
		};
/* End XCConfigurationList section */

/* Begin XCRemoteSwiftPackageReference section */
		0A6ECD562E6C2CD700837C54 /* XCRemoteSwiftPackageReference "mlx-swift-examples" */ = {
			isa = XCRemoteSwiftPackageReference;
			repositoryURL = "https://github.com/ml-explore/mlx-swift-examples.git";
			requirement = {
				kind = upToNextMajorVersion;
				minimumVersion = 2.25.7;
			};
		};
/* End XCRemoteSwiftPackageReference section */

/* Begin XCSwiftPackageProductDependency section */
		0A6ECD572E6C2CE300837C54 /* MLXLLM */ = {
			isa = XCSwiftPackageProductDependency;
			package = 0A6ECD562E6C2CD700837C54 /* XCRemoteSwiftPackageReference "mlx-swift-examples" */;
			productName = MLXLLM;
		};
		0A6ECD592E6C2CE300837C54 /* MLXLMCommon */ = {
			isa = XCSwiftPackageProductDependency;
			package = 0A6ECD562E6C2CD700837C54 /* XCRemoteSwiftPackageReference "mlx-swift-examples" */;
			productName = MLXLMCommon;
		};
		0A6ECD5B2E6C2D0F00837C54 /* MLXLLM */ = {
			isa = XCSwiftPackageProductDependency;
			package = 0A6ECD562E6C2CD700837C54 /* XCRemoteSwiftPackageReference "mlx-swift-examples" */;
			productName = MLXLLM;
		};
		0A6ECD5D2E6C2D0F00837C54 /* MLXLMCommon */ = {
			isa = XCSwiftPackageProductDependency;
			package = 0A6ECD562E6C2CD700837C54 /* XCRemoteSwiftPackageReference "mlx-swift-examples" */;
			productName = MLXLMCommon;
		};
/* End XCSwiftPackageProductDependency section */
	};
	rootObject = 26942CEE2DABD3B400B82507 /* Project object */;
}
